
Microsoft Visual Studio Solution File, Format Version 12.00
# Visual Studio 15
VisualStudioVersion = 15.0.27004.2005
MinimumVisualStudioVersion = 10.0.40219.1
Project("{FAE04EC0-301F-11D3-BF4B-00C04F79EFBC}") = "DLWMS", "DLWMS\DLWMS.csproj", "{757520DB-B52C-4C64-A119-86D13A5AB10F}"
EndProject
Project("{FAE04EC0-301F-11D3-BF4B-00C04F79EFBC}") = "DLWMSClient", "DLWMSClient\DLWMSClient.csproj", "{5379AEC4-5BED-4014-97DD-708670891DD7}"
	ProjectSection(ProjectDependencies) = postProject
		{757520DB-B52C-4C64-A119-86D13A5AB10F} = {757520DB-B52C-4C64-A119-86D13A5AB10F}
	EndProjectSection
EndProject
Global
	GlobalSection(SolutionConfigurationPlatforms) = preSolution
		Debug|Any CPU = Debug|Any CPU
		Release|Any CPU = Release|Any CPU
	EndGlobalSection
	GlobalSection(ProjectConfigurationPlatforms) = postSolution
		{757520DB-B52C-4C64-A119-86D13A5AB10F}.Debug|Any CPU.ActiveCfg = Debug|Any CPU
		{757520DB-B52C-4C64-A119-86D13A5AB10F}.Debug|Any CPU.Build.0 = Debug|Any CPU
		{757520DB-B52C-4C64-A119-86D13A5AB10F}.Release|Any CPU.ActiveCfg = Release|Any CPU
		{757520DB-B52C-4C64-A119-86D13A5AB10F}.Release|Any CPU.Build.0 = Release|Any CPU
		{5379AEC4-5BED-4014-97DD-708670891DD7}.Debug|Any CPU.ActiveCfg = Debug|Any CPU
		{5379AEC4-5BED-4014-97DD-708670891DD7}.Debug|Any CPU.Build.0 = Debug|Any CPU
		{5379AEC4-5BED-4014-97DD-708670891DD7}.Release|Any CPU.ActiveCfg = Release|Any CPU
		{5379AEC4-5BED-4014-97DD-708670891DD7}.Release|Any CPU.Build.0 = Release|Any CPU
	EndGlobalSection
	GlobalSection(SolutionProperties) = preSolution
		HideSolutionNode = FALSE
	EndGlobalSection
	GlobalSection(ExtensibilityGlobals) = postSolution
		SolutionGuid = {17F89678-1346-44CE-9D34-8E3DE1C23D15}
	EndGlobalSection
EndGlobal
